
Microsoft Visual Studio Solution File, Format Version 12.00
# Visual Studio Version 16
VisualStudioVersion = 16.0.31205.134
MinimumVisualStudioVersion = 10.0.40219.1
Project("{FAE04EC0-301F-11D3-BF4B-00C04F79EFBC}") = "OutlookEmailToParquet", "OutlookEmailToParquet\OutlookEmailToParquet.csproj", "{F8F1DFD8-C882-4BD4-833C-47957677946C}"
EndProject
Global
	GlobalSection(SolutionConfigurationPlatforms) = preSolution
		Debug|Any CPU = Debug|Any CPU
		Release|Any CPU = Release|Any CPU
	EndGlobalSection
	GlobalSection(ProjectConfigurationPlatforms) = postSolution
		{F8F1DFD8-C882-4BD4-833C-47957677946C}.Debug|Any CPU.ActiveCfg = Debug|Any CPU
		{F8F1DFD8-C882-4BD4-833C-47957677946C}.Debug|Any CPU.Build.0 = Debug|Any CPU
		{F8F1DFD8-C882-4BD4-833C-47957677946C}.Release|Any CPU.ActiveCfg = Release|Any CPU
		{F8F1DFD8-C882-4BD4-833C-47957677946C}.Release|Any CPU.Build.0 = Release|Any CPU
	EndGlobalSection
	GlobalSection(SolutionProperties) = preSolution
		HideSolutionNode = FALSE
	EndGlobalSection
	GlobalSection(ExtensibilityGlobals) = postSolution
		SolutionGuid = {42D629CA-5153-4695-A5B8-537AE5F77671}
	EndGlobalSection
EndGlobal
